// !$*UTF8*$!
{
	archiveVersion = 1;
	classes = {
	};
	objectVersion = 46;
	objects = {

/* Begin PBXBuildFile section */
		2B7D37CA193EBA8B0031C874 /* AppDelegate.swift in Sources */ = {isa = PBXBuildFile; fileRef = 2B7D37C9193EBA8B0031C874 /* AppDelegate.swift */; };
		2B7D37CC193EBA8B0031C874 /* MasterViewController.swift in Sources */ = {isa = PBXBuildFile; fileRef = 2B7D37CB193EBA8B0031C874 /* MasterViewController.swift */; };
		2B7D37CE193EBA8B0031C874 /* DetailViewController.swift in Sources */ = {isa = PBXBuildFile; fileRef = 2B7D37CD193EBA8B0031C874 /* DetailViewController.swift */; };
		2B7D37D1193EBA8B0031C874 /* Main.storyboard in Resources */ = {isa = PBXBuildFile; fileRef = 2B7D37CF193EBA8B0031C874 /* Main.storyboard */; };
		2B7D37D3193EBA8B0031C874 /* Images.xcassets in Resources */ = {isa = PBXBuildFile; fileRef = 2B7D37D2193EBA8B0031C874 /* Images.xcassets */; };
		2B7D37DF193EBA8B0031C874 /* SwiftHockeyTests.swift in Sources */ = {isa = PBXBuildFile; fileRef = 2B7D37DE193EBA8B0031C874 /* SwiftHockeyTests.swift */; };
/* End PBXBuildFile section */

/* Begin PBXContainerItemProxy section */
		2B7D37D9193EBA8B0031C874 /* PBXContainerItemProxy */ = {
			isa = PBXContainerItemProxy;
			containerPortal = 2B7D37BC193EBA8B0031C874 /* Project object */;
			proxyType = 1;
			remoteGlobalIDString = 2B7D37C3193EBA8B0031C874;
			remoteInfo = SwiftHockey;
		};
/* End PBXContainerItemProxy section */

/* Begin PBXFileReference section */
		2B7D37C4193EBA8B0031C874 /* SwiftHockey.app */ = {isa = PBXFileReference; explicitFileType = wrapper.application; includeInIndex = 0; path = SwiftHockey.app; sourceTree = BUILT_PRODUCTS_DIR; };
		2B7D37C8193EBA8B0031C874 /* Info.plist */ = {isa = PBXFileReference; lastKnownFileType = text.plist.xml; path = Info.plist; sourceTree = "<group>"; };
		2B7D37C9193EBA8B0031C874 /* AppDelegate.swift */ = {isa = PBXFileReference; lastKnownFileType = sourcecode.swift; path = AppDelegate.swift; sourceTree = "<group>"; };
		2B7D37CB193EBA8B0031C874 /* MasterViewController.swift */ = {isa = PBXFileReference; lastKnownFileType = sourcecode.swift; path = MasterViewController.swift; sourceTree = "<group>"; };
		2B7D37CD193EBA8B0031C874 /* DetailViewController.swift */ = {isa = PBXFileReference; lastKnownFileType = sourcecode.swift; path = DetailViewController.swift; sourceTree = "<group>"; };
		2B7D37D0193EBA8B0031C874 /* Base */ = {isa = PBXFileReference; lastKnownFileType = file.storyboard; name = Base; path = Base.lproj/Main.storyboard; sourceTree = "<group>"; };
		2B7D37D2193EBA8B0031C874 /* Images.xcassets */ = {isa = PBXFileReference; lastKnownFileType = folder.assetcatalog; path = Images.xcassets; sourceTree = "<group>"; };
		2B7D37D8193EBA8B0031C874 /* SwiftHockeyTests.xctest */ = {isa = PBXFileReference; explicitFileType = wrapper.cfbundle; includeInIndex = 0; path = SwiftHockeyTests.xctest; sourceTree = BUILT_PRODUCTS_DIR; };
		2B7D37DD193EBA8B0031C874 /* Info.plist */ = {isa = PBXFileReference; lastKnownFileType = text.plist.xml; path = Info.plist; sourceTree = "<group>"; };
		2B7D37DE193EBA8B0031C874 /* SwiftHockeyTests.swift */ = {isa = PBXFileReference; lastKnownFileType = sourcecode.swift; path = SwiftHockeyTests.swift; sourceTree = "<group>"; };
/* End PBXFileReference section */

/* Begin PBXFrameworksBuildPhase section */
		2B7D37C1193EBA8B0031C874 /* Frameworks */ = {
			isa = PBXFrameworksBuildPhase;
			buildActionMask = 2147483647;
			files = (
			);
			runOnlyForDeploymentPostprocessing = 0;
		};
		2B7D37D5193EBA8B0031C874 /* Frameworks */ = {
			isa = PBXFrameworksBuildPhase;
			buildActionMask = 2147483647;
			files = (
			);
			runOnlyForDeploymentPostprocessing = 0;
		};
/* End PBXFrameworksBuildPhase section */

/* Begin PBXGroup section */
		2B7D37BB193EBA8B0031C874 = {
			isa = PBXGroup;
			children = (
				2B7D37C6193EBA8B0031C874 /* SwiftHockey */,
				2B7D37DB193EBA8B0031C874 /* SwiftHockeyTests */,
				2B7D37C5193EBA8B0031C874 /* Products */,
			);
			sourceTree = "<group>";
		};
		2B7D37C5193EBA8B0031C874 /* Products */ = {
			isa = PBXGroup;
			children = (
				2B7D37C4193EBA8B0031C874 /* SwiftHockey.app */,
				2B7D37D8193EBA8B0031C874 /* SwiftHockeyTests.xctest */,
			);
			name = Products;
			sourceTree = "<group>";
		};
		2B7D37C6193EBA8B0031C874 /* SwiftHockey */ = {
			isa = PBXGroup;
			children = (
				2B7D37C9193EBA8B0031C874 /* AppDelegate.swift */,
				2B7D37CB193EBA8B0031C874 /* MasterViewController.swift */,
				2B7D37CD193EBA8B0031C874 /* DetailViewController.swift */,
				2B7D37CF193EBA8B0031C874 /* Main.storyboard */,
				2B7D37D2193EBA8B0031C874 /* Images.xcassets */,
				2B7D37C7193EBA8B0031C874 /* Supporting Files */,
			);
			path = SwiftHockey;
			sourceTree = "<group>";
		};
		2B7D37C7193EBA8B0031C874 /* Supporting Files */ = {
			isa = PBXGroup;
			children = (
				2B7D37C8193EBA8B0031C874 /* Info.plist */,
			);
			name = "Supporting Files";
			sourceTree = "<group>";
		};
		2B7D37DB193EBA8B0031C874 /* SwiftHockeyTests */ = {
			isa = PBXGroup;
			children = (
				2B7D37DE193EBA8B0031C874 /* SwiftHockeyTests.swift */,
				2B7D37DC193EBA8B0031C874 /* Supporting Files */,
			);
			path = SwiftHockeyTests;
			sourceTree = "<group>";
		};
		2B7D37DC193EBA8B0031C874 /* Supporting Files */ = {
			isa = PBXGroup;
			children = (
				2B7D37DD193EBA8B0031C874 /* Info.plist */,
			);
			name = "Supporting Files";
			sourceTree = "<group>";
		};
/* End PBXGroup section */

/* Begin PBXNativeTarget section */
		2B7D37C3193EBA8B0031C874 /* SwiftHockey */ = {
			isa = PBXNativeTarget;
			buildConfigurationList = 2B7D37E2193EBA8B0031C874 /* Build configuration list for PBXNativeTarget "SwiftHockey" */;
			buildPhases = (
				2B7D37C0193EBA8B0031C874 /* Sources */,
				2B7D37C1193EBA8B0031C874 /* Frameworks */,
				2B7D37C2193EBA8B0031C874 /* Resources */,
			);
			buildRules = (
			);
			dependencies = (
			);
			name = SwiftHockey;
			productName = SwiftHockey;
			productReference = 2B7D37C4193EBA8B0031C874 /* SwiftHockey.app */;
			productType = "com.apple.product-type.application";
		};
		2B7D37D7193EBA8B0031C874 /* SwiftHockeyTests */ = {
			isa = PBXNativeTarget;
			buildConfigurationList = 2B7D37E5193EBA8B0031C874 /* Build configuration list for PBXNativeTarget "SwiftHockeyTests" */;
			buildPhases = (
				2B7D37D4193EBA8B0031C874 /* Sources */,
				2B7D37D5193EBA8B0031C874 /* Frameworks */,
				2B7D37D6193EBA8B0031C874 /* Resources */,
			);
			buildRules = (
			);
			dependencies = (
				2B7D37DA193EBA8B0031C874 /* PBXTargetDependency */,
			);
			name = SwiftHockeyTests;
			productName = SwiftHockeyTests;
			productReference = 2B7D37D8193EBA8B0031C874 /* SwiftHockeyTests.xctest */;
			productType = "com.apple.product-type.bundle.unit-test";
		};
/* End PBXNativeTarget section */

/* Begin PBXProject section */
		2B7D37BC193EBA8B0031C874 /* Project object */ = {
			isa = PBXProject;
			attributes = {
				LastUpgradeCheck = 0600;
				ORGANIZATIONNAME = Electropuf;
				TargetAttributes = {
					2B7D37C3193EBA8B0031C874 = {
						CreatedOnToolsVersion = 6.0;
					};
					2B7D37D7193EBA8B0031C874 = {
						CreatedOnToolsVersion = 6.0;
						TestTargetID = 2B7D37C3193EBA8B0031C874;
					};
				};
			};
			buildConfigurationList = 2B7D37BF193EBA8B0031C874 /* Build configuration list for PBXProject "SwiftHockey" */;
			compatibilityVersion = "Xcode 3.2";
			developmentRegion = English;
			hasScannedForEncodings = 0;
			knownRegions = (
				en,
				Base,
			);
			mainGroup = 2B7D37BB193EBA8B0031C874;
			productRefGroup = 2B7D37C5193EBA8B0031C874 /* Products */;
			projectDirPath = "";
			projectRoot = "";
			targets = (
				2B7D37C3193EBA8B0031C874 /* SwiftHockey */,
				2B7D37D7193EBA8B0031C874 /* SwiftHockeyTests */,
			);
		};
/* End PBXProject section */

/* Begin PBXResourcesBuildPhase section */
		2B7D37C2193EBA8B0031C874 /* Resources */ = {
			isa = PBXResourcesBuildPhase;
			buildActionMask = 2147483647;
			files = (
				2B7D37D1193EBA8B0031C874 /* Main.storyboard in Resources */,
				2B7D37D3193EBA8B0031C874 /* Images.xcassets in Resources */,
			);
			runOnlyForDeploymentPostprocessing = 0;
		};
		2B7D37D6193EBA8B0031C874 /* Resources */ = {
			isa = PBXResourcesBuildPhase;
			buildActionMask = 2147483647;
			files = (
			);
			runOnlyForDeploymentPostprocessing = 0;
		};
/* End PBXResourcesBuildPhase section */

/* Begin PBXSourcesBuildPhase section */
		2B7D37C0193EBA8B0031C874 /* Sources */ = {
			isa = PBXSourcesBuildPhase;
			buildActionMask = 2147483647;
			files = (
				2B7D37CE193EBA8B0031C874 /* DetailViewController.swift in Sources */,
				2B7D37CC193EBA8B0031C874 /* MasterViewController.swift in Sources */,
				2B7D37CA193EBA8B0031C874 /* AppDelegate.swift in Sources */,
			);
			runOnlyForDeploymentPostprocessing = 0;
		};
		2B7D37D4193EBA8B0031C874 /* Sources */ = {
			isa = PBXSourcesBuildPhase;
			buildActionMask = 2147483647;
			files = (
				2B7D37DF193EBA8B0031C874 /* SwiftHockeyTests.swift in Sources */,
			);
			runOnlyForDeploymentPostprocessing = 0;
		};
/* End PBXSourcesBuildPhase section */

/* Begin PBXTargetDependency section */
		2B7D37DA193EBA8B0031C874 /* PBXTargetDependency */ = {
			isa = PBXTargetDependency;
			target = 2B7D37C3193EBA8B0031C874 /* SwiftHockey */;
			targetProxy = 2B7D37D9193EBA8B0031C874 /* PBXContainerItemProxy */;
		};
/* End PBXTargetDependency section */

/* Begin PBXVariantGroup section */
		2B7D37CF193EBA8B0031C874 /* Main.storyboard */ = {
			isa = PBXVariantGroup;
			children = (
				2B7D37D0193EBA8B0031C874 /* Base */,
			);
			name = Main.storyboard;
			sourceTree = "<group>";
		};
/* End PBXVariantGroup section */

/* Begin XCBuildConfiguration section */
		2B7D37E0193EBA8B0031C874 /* Debug */ = {
			isa = XCBuildConfiguration;
			buildSettings = {
				ALWAYS_SEARCH_USER_PATHS = NO;
				CLANG_CXX_LANGUAGE_STANDARD = "gnu++0x";
				CLANG_CXX_LIBRARY = "libc++";
				CLANG_ENABLE_MODULES = YES;
				CLANG_ENABLE_OBJC_ARC = YES;
				CLANG_WARN_BOOL_CONVERSION = YES;
				CLANG_WARN_CONSTANT_CONVERSION = YES;
				CLANG_WARN_DIRECT_OBJC_ISA_USAGE = YES_ERROR;
				CLANG_WARN_EMPTY_BODY = YES;
				CLANG_WARN_ENUM_CONVERSION = YES;
				CLANG_WARN_INT_CONVERSION = YES;
				CLANG_WARN_OBJC_ROOT_CLASS = YES_ERROR;
				CLANG_WARN_UNREACHABLE_CODE = YES;
				CLANG_WARN__DUPLICATE_METHOD_MATCH = YES;
				"CODE_SIGN_IDENTITY[sdk=iphoneos*]" = "iPhone Developer";
				COPY_PHASE_STRIP = NO;
				ENABLE_STRICT_OBJC_MSGSEND = YES;
				GCC_C_LANGUAGE_STANDARD = gnu99;
				GCC_DYNAMIC_NO_PIC = NO;
				GCC_OPTIMIZATION_LEVEL = 0;
				GCC_PREPROCESSOR_DEFINITIONS = (
					"DEBUG=1",
					"$(inherited)",
				);
				GCC_SYMBOLS_PRIVATE_EXTERN = NO;
				GCC_WARN_64_TO_32_BIT_CONVERSION = YES;
				GCC_WARN_ABOUT_RETURN_TYPE = YES_ERROR;
				GCC_WARN_UNDECLARED_SELECTOR = YES;
				GCC_WARN_UNINITIALIZED_AUTOS = YES_AGGRESSIVE;
				GCC_WARN_UNUSED_FUNCTION = YES;
				GCC_WARN_UNUSED_VARIABLE = YES;
				IPHONEOS_DEPLOYMENT_TARGET = 8.0;
				METAL_ENABLE_DEBUG_INFO = YES;
				ONLY_ACTIVE_ARCH = YES;
				SDKROOT = iphoneos;
				SWIFT_OPTIMIZATION_LEVEL = "-Onone";
			};
			name = Debug;
		};
		2B7D37E1193EBA8B0031C874 /* Release */ = {
			isa = XCBuildConfiguration;
			buildSettings = {
				ALWAYS_SEARCH_USER_PATHS = NO;
				CLANG_CXX_LANGUAGE_STANDARD = "gnu++0x";
				CLANG_CXX_LIBRARY = "libc++";
				CLANG_ENABLE_MODULES = YES;
				CLANG_ENABLE_OBJC_ARC = YES;
				CLANG_WARN_BOOL_CONVERSION = YES;
				CLANG_WARN_CONSTANT_CONVERSION = YES;
				CLANG_WARN_DIRECT_OBJC_ISA_USAGE = YES_ERROR;
				CLANG_WARN_EMPTY_BODY = YES;
				CLANG_WARN_ENUM_CONVERSION = YES;
				CLANG_WARN_INT_CONVERSION = YES;
				CLANG_WARN_OBJC_ROOT_CLASS = YES_ERROR;
				CLANG_WARN_UNREACHABLE_CODE = YES;
				CLANG_WARN__DUPLICATE_METHOD_MATCH = YES;
				"CODE_SIGN_IDENTITY[sdk=iphoneos*]" = "iPhone Developer";
				COPY_PHASE_STRIP = YES;
				ENABLE_NS_ASSERTIONS = NO;
				ENABLE_STRICT_OBJC_MSGSEND = YES;
				GCC_C_LANGUAGE_STANDARD = gnu99;
				GCC_WARN_64_TO_32_BIT_CONVERSION = YES;
				GCC_WARN_ABOUT_RETURN_TYPE = YES_ERROR;
				GCC_WARN_UNDECLARED_SELECTOR = YES;
				GCC_WARN_UNINITIALIZED_AUTOS = YES_AGGRESSIVE;
				GCC_WARN_UNUSED_FUNCTION = YES;
				GCC_WARN_UNUSED_VARIABLE = YES;
				IPHONEOS_DEPLOYMENT_TARGET = 8.0;
				METAL_ENABLE_DEBUG_INFO = NO;
				SDKROOT = iphoneos;
				VALIDATE_PRODUCT = YES;
			};
			name = Release;
		};
		2B7D37E3193EBA8B0031C874 /* Debug */ = {
			isa = XCBuildConfiguration;
			buildSettings = {
				ASSETCATALOG_COMPILER_APPICON_NAME = AppIcon;
				ASSETCATALOG_COMPILER_LAUNCHIMAGE_NAME = LaunchImage;
				INFOPLIST_FILE = SwiftHockey/Info.plist;
				LD_RUNPATH_SEARCH_PATHS = "$(inherited) @executable_path/Frameworks";
				PRODUCT_NAME = "$(TARGET_NAME)";
			};
			name = Debug;
		};
		2B7D37E4193EBA8B0031C874 /* Release */ = {
			isa = XCBuildConfiguration;
			buildSettings = {
				ASSETCATALOG_COMPILER_APPICON_NAME = AppIcon;
				ASSETCATALOG_COMPILER_LAUNCHIMAGE_NAME = LaunchImage;
				INFOPLIST_FILE = SwiftHockey/Info.plist;
				LD_RUNPATH_SEARCH_PATHS = "$(inherited) @executable_path/Frameworks";
				PRODUCT_NAME = "$(TARGET_NAME)";
			};
			name = Release;
		};
		2B7D37E6193EBA8B0031C874 /* Debug */ = {
			isa = XCBuildConfiguration;
			buildSettings = {
				BUNDLE_LOADER = "$(BUILT_PRODUCTS_DIR)/SwiftHockey.app/SwiftHockey";
				FRAMEWORK_SEARCH_PATHS = (
					"$(SDKROOT)/Developer/Library/Frameworks",
					"$(inherited)",
				);
				GCC_PREPROCESSOR_DEFINITIONS = (
					"DEBUG=1",
					"$(inherited)",
				);
				INFOPLIST_FILE = SwiftHockeyTests/Info.plist;
				LD_RUNPATH_SEARCH_PATHS = "$(inherited) @executable_path/Frameworks @loader_path/Frameworks";
				METAL_ENABLE_DEBUG_INFO = YES;
				PRODUCT_NAME = "$(TARGET_NAME)";
				TEST_HOST = "$(BUNDLE_LOADER)";
			};
			name = Debug;
		};
		2B7D37E7193EBA8B0031C874 /* Release */ = {
			isa = XCBuildConfiguration;
			buildSettings = {
				BUNDLE_LOADER = "$(BUILT_PRODUCTS_DIR)/SwiftHockey.app/SwiftHockey";
				FRAMEWORK_SEARCH_PATHS = (
					"$(SDKROOT)/Developer/Library/Frameworks",
					"$(inherited)",
				);
				INFOPLIST_FILE = SwiftHockeyTests/Info.plist;
				LD_RUNPATH_SEARCH_PATHS = "$(inherited) @executable_path/Frameworks @loader_path/Frameworks";
				METAL_ENABLE_DEBUG_INFO = NO;
				PRODUCT_NAME = "$(TARGET_NAME)";
				TEST_HOST = "$(BUNDLE_LOADER)";
			};
			name = Release;
		};
/* End XCBuildConfiguration section */

/* Begin XCConfigurationList section */
		2B7D37BF193EBA8B0031C874 /* Build configuration list for PBXProject "SwiftHockey" */ = {
			isa = XCConfigurationList;
			buildConfigurations = (
				2B7D37E0193EBA8B0031C874 /* Debug */,
				2B7D37E1193EBA8B0031C874 /* Release */,
			);
			defaultConfigurationIsVisible = 0;
			defaultConfigurationName = Release;
		};
		2B7D37E2193EBA8B0031C874 /* Build configuration list for PBXNativeTarget "SwiftHockey" */ = {
			isa = XCConfigurationList;
			buildConfigurations = (
				2B7D37E3193EBA8B0031C874 /* Debug */,
				2B7D37E4193EBA8B0031C874 /* Release */,
			);
			defaultConfigurationIsVisible = 0;
		};
		2B7D37E5193EBA8B0031C874 /* Build configuration list for PBXNativeTarget "SwiftHockeyTests" */ = {
			isa = XCConfigurationList;
			buildConfigurations = (
				2B7D37E6193EBA8B0031C874 /* Debug */,
				2B7D37E7193EBA8B0031C874 /* Release */,
			);
			defaultConfigurationIsVisible = 0;
		};
/* End XCConfigurationList section */
	};
	rootObject = 2B7D37BC193EBA8B0031C874 /* Project object */;
}
